
Microsoft Visual Studio Solution File, Format Version 12.00
# Visual Studio Version 16
VisualStudioVersion = 16.0.31424.327
MinimumVisualStudioVersion = 10.0.40219.1
Project("{FAE04EC0-301F-11D3-BF4B-00C04F79EFBC}") = "Restaurant.Core", "Restaurant.Core\Restaurant.Core.csproj", "{50F38AB5-A877-453C-B3D0-E9C3A65FCECC}"
EndProject
Project("{FAE04EC0-301F-11D3-BF4B-00C04F79EFBC}") = "Restaurant.EF", "Restaurant.EF\Restaurant.EF.csproj", "{FB8E31B7-59BB-41FC-9DA1-B3F4E4F2931F}"
EndProject
Project("{FAE04EC0-301F-11D3-BF4B-00C04F79EFBC}") = "Restaurant.MVC", "Restaurant.MVC\Restaurant.MVC.csproj", "{1C2F4461-4D18-4B89-B375-CAE02DE0DB5D}"
EndProject
Global
	GlobalSection(SolutionConfigurationPlatforms) = preSolution
		Debug|Any CPU = Debug|Any CPU
		Release|Any CPU = Release|Any CPU
	EndGlobalSection
	GlobalSection(ProjectConfigurationPlatforms) = postSolution
		{50F38AB5-A877-453C-B3D0-E9C3A65FCECC}.Debug|Any CPU.ActiveCfg = Debug|Any CPU
		{50F38AB5-A877-453C-B3D0-E9C3A65FCECC}.Debug|Any CPU.Build.0 = Debug|Any CPU
		{50F38AB5-A877-453C-B3D0-E9C3A65FCECC}.Release|Any CPU.ActiveCfg = Release|Any CPU
		{50F38AB5-A877-453C-B3D0-E9C3A65FCECC}.Release|Any CPU.Build.0 = Release|Any CPU
		{FB8E31B7-59BB-41FC-9DA1-B3F4E4F2931F}.Debug|Any CPU.ActiveCfg = Debug|Any CPU
		{FB8E31B7-59BB-41FC-9DA1-B3F4E4F2931F}.Debug|Any CPU.Build.0 = Debug|Any CPU
		{FB8E31B7-59BB-41FC-9DA1-B3F4E4F2931F}.Release|Any CPU.ActiveCfg = Release|Any CPU
		{FB8E31B7-59BB-41FC-9DA1-B3F4E4F2931F}.Release|Any CPU.Build.0 = Release|Any CPU
		{1C2F4461-4D18-4B89-B375-CAE02DE0DB5D}.Debug|Any CPU.ActiveCfg = Debug|Any CPU
		{1C2F4461-4D18-4B89-B375-CAE02DE0DB5D}.Debug|Any CPU.Build.0 = Debug|Any CPU
		{1C2F4461-4D18-4B89-B375-CAE02DE0DB5D}.Release|Any CPU.ActiveCfg = Release|Any CPU
		{1C2F4461-4D18-4B89-B375-CAE02DE0DB5D}.Release|Any CPU.Build.0 = Release|Any CPU
	EndGlobalSection
	GlobalSection(SolutionProperties) = preSolution
		HideSolutionNode = FALSE
	EndGlobalSection
	GlobalSection(ExtensibilityGlobals) = postSolution
		SolutionGuid = {DC9ADC4C-79EE-43FF-AB85-1F0572B6A73A}
	EndGlobalSection
EndGlobal
